// !$*UTF8*$!
{
	archiveVersion = 1;
	classes = {
	};
	objectVersion = 55;
	objects = {

/* Begin PBXBuildFile section */
		53D75FDD2876CDC100BD399D /* AppDelegate.swift in Sources */ = {isa = PBXBuildFile; fileRef = 53D75FDC2876CDC100BD399D /* AppDelegate.swift */; };
		53D75FDF2876CDC100BD399D /* SceneDelegate.swift in Sources */ = {isa = PBXBuildFile; fileRef = 53D75FDE2876CDC100BD399D /* SceneDelegate.swift */; };
		53D75FE12876CDC100BD399D /* ViewController.swift in Sources */ = {isa = PBXBuildFile; fileRef = 53D75FE02876CDC100BD399D /* ViewController.swift */; };
		53D75FE42876CDC100BD399D /* Main.storyboard in Resources */ = {isa = PBXBuildFile; fileRef = 53D75FE22876CDC100BD399D /* Main.storyboard */; };
		53D75FE62876CDC300BD399D /* Assets.xcassets in Resources */ = {isa = PBXBuildFile; fileRef = 53D75FE52876CDC300BD399D /* Assets.xcassets */; };
		53D75FE92876CDC300BD399D /* LaunchScreen.storyboard in Resources */ = {isa = PBXBuildFile; fileRef = 53D75FE72876CDC300BD399D /* LaunchScreen.storyboard */; };
		B4C177C40E7F5D507CE44319 /* Pods_RoamExamp.framework in Frameworks */ = {isa = PBXBuildFile; fileRef = 367A246F99CEAC229D95F236 /* Pods_RoamExamp.framework */; };
/* End PBXBuildFile section */

/* Begin PBXFileReference section */
		259E066D589684CD7CB58EC6 /* Pods-RoamExamp.debug.xcconfig */ = {isa = PBXFileReference; includeInIndex = 1; lastKnownFileType = text.xcconfig; name = "Pods-RoamExamp.debug.xcconfig"; path = "Target Support Files/Pods-RoamExamp/Pods-RoamExamp.debug.xcconfig"; sourceTree = "<group>"; };
		367A246F99CEAC229D95F236 /* Pods_RoamExamp.framework */ = {isa = PBXFileReference; explicitFileType = wrapper.framework; includeInIndex = 0; path = Pods_RoamExamp.framework; sourceTree = BUILT_PRODUCTS_DIR; };
		478E08D69701D0C34AF2F66B /* Pods-RoamExamp.release.xcconfig */ = {isa = PBXFileReference; includeInIndex = 1; lastKnownFileType = text.xcconfig; name = "Pods-RoamExamp.release.xcconfig"; path = "Target Support Files/Pods-RoamExamp/Pods-RoamExamp.release.xcconfig"; sourceTree = "<group>"; };
		53D75FD92876CDC100BD399D /* RoamExamp.app */ = {isa = PBXFileReference; explicitFileType = wrapper.application; includeInIndex = 0; path = RoamExamp.app; sourceTree = BUILT_PRODUCTS_DIR; };
		53D75FDC2876CDC100BD399D /* AppDelegate.swift */ = {isa = PBXFileReference; lastKnownFileType = sourcecode.swift; path = AppDelegate.swift; sourceTree = "<group>"; };
		53D75FDE2876CDC100BD399D /* SceneDelegate.swift */ = {isa = PBXFileReference; lastKnownFileType = sourcecode.swift; path = SceneDelegate.swift; sourceTree = "<group>"; };
		53D75FE02876CDC100BD399D /* ViewController.swift */ = {isa = PBXFileReference; lastKnownFileType = sourcecode.swift; path = ViewController.swift; sourceTree = "<group>"; };
		53D75FE32876CDC100BD399D /* Base */ = {isa = PBXFileReference; lastKnownFileType = file.storyboard; name = Base; path = Base.lproj/Main.storyboard; sourceTree = "<group>"; };
		53D75FE52876CDC300BD399D /* Assets.xcassets */ = {isa = PBXFileReference; lastKnownFileType = folder.assetcatalog; path = Assets.xcassets; sourceTree = "<group>"; };
		53D75FE82876CDC300BD399D /* Base */ = {isa = PBXFileReference; lastKnownFileType = file.storyboard; name = Base; path = Base.lproj/LaunchScreen.storyboard; sourceTree = "<group>"; };
		53D75FEA2876CDC300BD399D /* Info.plist */ = {isa = PBXFileReference; lastKnownFileType = text.plist.xml; path = Info.plist; sourceTree = "<group>"; };
		53D75FF02876CF4F00BD399D /* RoamExamp.entitlements */ = {isa = PBXFileReference; lastKnownFileType = text.plist.entitlements; path = RoamExamp.entitlements; sourceTree = "<group>"; };
/* End PBXFileReference section */

/* Begin PBXFrameworksBuildPhase section */
		53D75FD62876CDC100BD399D /* Frameworks */ = {
			isa = PBXFrameworksBuildPhase;
			buildActionMask = 2147483647;
			files = (
				B4C177C40E7F5D507CE44319 /* Pods_RoamExamp.framework in Frameworks */,
			);
			runOnlyForDeploymentPostprocessing = 0;
		};
/* End PBXFrameworksBuildPhase section */

/* Begin PBXGroup section */
		2A5EE963450B2482B1293048 /* Frameworks */ = {
			isa = PBXGroup;
			children = (
				367A246F99CEAC229D95F236 /* Pods_RoamExamp.framework */,
			);
			name = Frameworks;
			sourceTree = "<group>";
		};
		53D75FD02876CDC100BD399D = {
			isa = PBXGroup;
			children = (
				53D75FDB2876CDC100BD399D /* RoamExamp */,
				53D75FDA2876CDC100BD399D /* Products */,
				7B70096E785079022303F10A /* Pods */,
				2A5EE963450B2482B1293048 /* Frameworks */,
			);
			sourceTree = "<group>";
		};
		53D75FDA2876CDC100BD399D /* Products */ = {
			isa = PBXGroup;
			children = (
				53D75FD92876CDC100BD399D /* RoamExamp.app */,
			);
			name = Products;
			sourceTree = "<group>";
		};
		53D75FDB2876CDC100BD399D /* RoamExamp */ = {
			isa = PBXGroup;
			children = (
				53D75FF02876CF4F00BD399D /* RoamExamp.entitlements */,
				53D75FDC2876CDC100BD399D /* AppDelegate.swift */,
				53D75FDE2876CDC100BD399D /* SceneDelegate.swift */,
				53D75FE02876CDC100BD399D /* ViewController.swift */,
				53D75FE22876CDC100BD399D /* Main.storyboard */,
				53D75FE52876CDC300BD399D /* Assets.xcassets */,
				53D75FE72876CDC300BD399D /* LaunchScreen.storyboard */,
				53D75FEA2876CDC300BD399D /* Info.plist */,
			);
			path = RoamExamp;
			sourceTree = "<group>";
		};
		7B70096E785079022303F10A /* Pods */ = {
			isa = PBXGroup;
			children = (
				259E066D589684CD7CB58EC6 /* Pods-RoamExamp.debug.xcconfig */,
				478E08D69701D0C34AF2F66B /* Pods-RoamExamp.release.xcconfig */,
			);
			path = Pods;
			sourceTree = "<group>";
		};
/* End PBXGroup section */

/* Begin PBXNativeTarget section */
		53D75FD82876CDC100BD399D /* RoamExamp */ = {
			isa = PBXNativeTarget;
			buildConfigurationList = 53D75FED2876CDC300BD399D /* Build configuration list for PBXNativeTarget "RoamExamp" */;
			buildPhases = (
				1F10CC1D952C2F9EAD1F0EAA /* [CP] Check Pods Manifest.lock */,
				53D75FD52876CDC100BD399D /* Sources */,
				53D75FD62876CDC100BD399D /* Frameworks */,
				53D75FD72876CDC100BD399D /* Resources */,
				39AFEE64D19141DC0DACA8D2 /* [CP] Embed Pods Frameworks */,
			);
			buildRules = (
			);
			dependencies = (
			);
			name = RoamExamp;
			productName = RoamExamp;
			productReference = 53D75FD92876CDC100BD399D /* RoamExamp.app */;
			productType = "com.apple.product-type.application";
		};
/* End PBXNativeTarget section */

/* Begin PBXProject section */
		53D75FD12876CDC100BD399D /* Project object */ = {
			isa = PBXProject;
			attributes = {
				BuildIndependentTargetsInParallel = 1;
				LastSwiftUpdateCheck = 1340;
				LastUpgradeCheck = 1340;
				TargetAttributes = {
					53D75FD82876CDC100BD399D = {
						CreatedOnToolsVersion = 13.4.1;
					};
				};
			};
			buildConfigurationList = 53D75FD42876CDC100BD399D /* Build configuration list for PBXProject "RoamExamp" */;
			compatibilityVersion = "Xcode 13.0";
			developmentRegion = en;
			hasScannedForEncodings = 0;
			knownRegions = (
				en,
				Base,
			);
			mainGroup = 53D75FD02876CDC100BD399D;
			productRefGroup = 53D75FDA2876CDC100BD399D /* Products */;
			projectDirPath = "";
			projectRoot = "";
			targets = (
				53D75FD82876CDC100BD399D /* RoamExamp */,
			);
		};
/* End PBXProject section */

/* Begin PBXResourcesBuildPhase section */
		53D75FD72876CDC100BD399D /* Resources */ = {
			isa = PBXResourcesBuildPhase;
			buildActionMask = 2147483647;
			files = (
				53D75FE92876CDC300BD399D /* LaunchScreen.storyboard in Resources */,
				53D75FE62876CDC300BD399D /* Assets.xcassets in Resources */,
				53D75FE42876CDC100BD399D /* Main.storyboard in Resources */,
			);
			runOnlyForDeploymentPostprocessing = 0;
		};
/* End PBXResourcesBuildPhase section */

/* Begin PBXShellScriptBuildPhase section */
		1F10CC1D952C2F9EAD1F0EAA /* [CP] Check Pods Manifest.lock */ = {
			isa = PBXShellScriptBuildPhase;
			buildActionMask = 2147483647;
			files = (
			);
			inputFileListPaths = (
			);
			inputPaths = (
				"${PODS_PODFILE_DIR_PATH}/Podfile.lock",
				"${PODS_ROOT}/Manifest.lock",
			);
			name = "[CP] Check Pods Manifest.lock";
			outputFileListPaths = (
			);
			outputPaths = (
				"$(DERIVED_FILE_DIR)/Pods-RoamExamp-checkManifestLockResult.txt",
			);
			runOnlyForDeploymentPostprocessing = 0;
			shellPath = /bin/sh;
			shellScript = "diff \"${PODS_PODFILE_DIR_PATH}/Podfile.lock\" \"${PODS_ROOT}/Manifest.lock\" > /dev/null\nif [ $? != 0 ] ; then\n    # print error to STDERR\n    echo \"error: The sandbox is not in sync with the Podfile.lock. Run 'pod install' or update your CocoaPods installation.\" >&2\n    exit 1\nfi\n# This output is used by Xcode 'outputs' to avoid re-running this script phase.\necho \"SUCCESS\" > \"${SCRIPT_OUTPUT_FILE_0}\"\n";
			showEnvVarsInLog = 0;
		};
		39AFEE64D19141DC0DACA8D2 /* [CP] Embed Pods Frameworks */ = {
			isa = PBXShellScriptBuildPhase;
			buildActionMask = 2147483647;
			files = (
			);
			inputFileListPaths = (
				"${PODS_ROOT}/Target Support Files/Pods-RoamExamp/Pods-RoamExamp-frameworks-${CONFIGURATION}-input-files.xcfilelist",
			);
			name = "[CP] Embed Pods Frameworks";
			outputFileListPaths = (
				"${PODS_ROOT}/Target Support Files/Pods-RoamExamp/Pods-RoamExamp-frameworks-${CONFIGURATION}-output-files.xcfilelist",
			);
			runOnlyForDeploymentPostprocessing = 0;
			shellPath = /bin/sh;
			shellScript = "\"${PODS_ROOT}/Target Support Files/Pods-RoamExamp/Pods-RoamExamp-frameworks.sh\"\n";
			showEnvVarsInLog = 0;
		};
/* End PBXShellScriptBuildPhase section */

/* Begin PBXSourcesBuildPhase section */
		53D75FD52876CDC100BD399D /* Sources */ = {
			isa = PBXSourcesBuildPhase;
			buildActionMask = 2147483647;
			files = (
				53D75FE12876CDC100BD399D /* ViewController.swift in Sources */,
				53D75FDD2876CDC100BD399D /* AppDelegate.swift in Sources */,
				53D75FDF2876CDC100BD399D /* SceneDelegate.swift in Sources */,
			);
			runOnlyForDeploymentPostprocessing = 0;
		};
/* End PBXSourcesBuildPhase section */

/* Begin PBXVariantGroup section */
		53D75FE22876CDC100BD399D /* Main.storyboard */ = {
			isa = PBXVariantGroup;
			children = (
				53D75FE32876CDC100BD399D /* Base */,
			);
			name = Main.storyboard;
			sourceTree = "<group>";
		};
		53D75FE72876CDC300BD399D /* LaunchScreen.storyboard */ = {
			isa = PBXVariantGroup;
			children = (
				53D75FE82876CDC300BD399D /* Base */,
			);
			name = LaunchScreen.storyboard;
			sourceTree = "<group>";
		};
/* End PBXVariantGroup section */

/* Begin XCBuildConfiguration section */
		53D75FEB2876CDC300BD399D /* Debug */ = {
			isa = XCBuildConfiguration;
			buildSettings = {
				ALWAYS_SEARCH_USER_PATHS = NO;
				CLANG_ANALYZER_NONNULL = YES;
				CLANG_ANALYZER_NUMBER_OBJECT_CONVERSION = YES_AGGRESSIVE;
				CLANG_CXX_LANGUAGE_STANDARD = "gnu++17";
				CLANG_ENABLE_MODULES = YES;
				CLANG_ENABLE_OBJC_ARC = YES;
				CLANG_ENABLE_OBJC_WEAK = YES;
				CLANG_WARN_BLOCK_CAPTURE_AUTORELEASING = YES;
				CLANG_WARN_BOOL_CONVERSION = YES;
				CLANG_WARN_COMMA = YES;
				CLANG_WARN_CONSTANT_CONVERSION = YES;
				CLANG_WARN_DEPRECATED_OBJC_IMPLEMENTATIONS = YES;
				CLANG_WARN_DIRECT_OBJC_ISA_USAGE = YES_ERROR;
				CLANG_WARN_DOCUMENTATION_COMMENTS = YES;
				CLANG_WARN_EMPTY_BODY = YES;
				CLANG_WARN_ENUM_CONVERSION = YES;
				CLANG_WARN_INFINITE_RECURSION = YES;
				CLANG_WARN_INT_CONVERSION = YES;
				CLANG_WARN_NON_LITERAL_NULL_CONVERSION = YES;
				CLANG_WARN_OBJC_IMPLICIT_RETAIN_SELF = YES;
				CLANG_WARN_OBJC_LITERAL_CONVERSION = YES;
				CLANG_WARN_OBJC_ROOT_CLASS = YES_ERROR;
				CLANG_WARN_QUOTED_INCLUDE_IN_FRAMEWORK_HEADER = YES;
				CLANG_WARN_RANGE_LOOP_ANALYSIS = YES;
				CLANG_WARN_STRICT_PROTOTYPES = YES;
				CLANG_WARN_SUSPICIOUS_MOVE = YES;
				CLANG_WARN_UNGUARDED_AVAILABILITY = YES_AGGRESSIVE;
				CLANG_WARN_UNREACHABLE_CODE = YES;
				CLANG_WARN__DUPLICATE_METHOD_MATCH = YES;
				COPY_PHASE_STRIP = NO;
				DEBUG_INFORMATION_FORMAT = dwarf;
				ENABLE_STRICT_OBJC_MSGSEND = YES;
				ENABLE_TESTABILITY = YES;
				GCC_C_LANGUAGE_STANDARD = gnu11;
				GCC_DYNAMIC_NO_PIC = NO;
				GCC_NO_COMMON_BLOCKS = YES;
				GCC_OPTIMIZATION_LEVEL = 0;
				GCC_PREPROCESSOR_DEFINITIONS = (
					"DEBUG=1",
					"$(inherited)",
				);
				GCC_WARN_64_TO_32_BIT_CONVERSION = YES;
				GCC_WARN_ABOUT_RETURN_TYPE = YES_ERROR;
				GCC_WARN_UNDECLARED_SELECTOR = YES;
				GCC_WARN_UNINITIALIZED_AUTOS = YES_AGGRESSIVE;
				GCC_WARN_UNUSED_FUNCTION = YES;
				GCC_WARN_UNUSED_VARIABLE = YES;
				IPHONEOS_DEPLOYMENT_TARGET = 15.5;
				MTL_ENABLE_DEBUG_INFO = INCLUDE_SOURCE;
				MTL_FAST_MATH = YES;
				ONLY_ACTIVE_ARCH = YES;
				SDKROOT = iphoneos;
				SWIFT_ACTIVE_COMPILATION_CONDITIONS = DEBUG;
				SWIFT_OPTIMIZATION_LEVEL = "-Onone";
			};
			name = Debug;
		};
		53D75FEC2876CDC300BD399D /* Release */ = {
			isa = XCBuildConfiguration;
			buildSettings = {
				ALWAYS_SEARCH_USER_PATHS = NO;
				CLANG_ANALYZER_NONNULL = YES;
				CLANG_ANALYZER_NUMBER_OBJECT_CONVERSION = YES_AGGRESSIVE;
				CLANG_CXX_LANGUAGE_STANDARD = "gnu++17";
				CLANG_ENABLE_MODULES = YES;
				CLANG_ENABLE_OBJC_ARC = YES;
				CLANG_ENABLE_OBJC_WEAK = YES;
				CLANG_WARN_BLOCK_CAPTURE_AUTORELEASING = YES;
				CLANG_WARN_BOOL_CONVERSION = YES;
				CLANG_WARN_COMMA = YES;
				CLANG_WARN_CONSTANT_CONVERSION = YES;
				CLANG_WARN_DEPRECATED_OBJC_IMPLEMENTATIONS = YES;
				CLANG_WARN_DIRECT_OBJC_ISA_USAGE = YES_ERROR;
				CLANG_WARN_DOCUMENTATION_COMMENTS = YES;
				CLANG_WARN_EMPTY_BODY = YES;
				CLANG_WARN_ENUM_CONVERSION = YES;
				CLANG_WARN_INFINITE_RECURSION = YES;
				CLANG_WARN_INT_CONVERSION = YES;
				CLANG_WARN_NON_LITERAL_NULL_CONVERSION = YES;
				CLANG_WARN_OBJC_IMPLICIT_RETAIN_SELF = YES;
				CLANG_WARN_OBJC_LITERAL_CONVERSION = YES;
				CLANG_WARN_OBJC_ROOT_CLASS = YES_ERROR;
				CLANG_WARN_QUOTED_INCLUDE_IN_FRAMEWORK_HEADER = YES;
				CLANG_WARN_RANGE_LOOP_ANALYSIS = YES;
				CLANG_WARN_STRICT_PROTOTYPES = YES;
				CLANG_WARN_SUSPICIOUS_MOVE = YES;
				CLANG_WARN_UNGUARDED_AVAILABILITY = YES_AGGRESSIVE;
				CLANG_WARN_UNREACHABLE_CODE = YES;
				CLANG_WARN__DUPLICATE_METHOD_MATCH = YES;
				COPY_PHASE_STRIP = NO;
				DEBUG_INFORMATION_FORMAT = "dwarf-with-dsym";
				ENABLE_NS_ASSERTIONS = NO;
				ENABLE_STRICT_OBJC_MSGSEND = YES;
				GCC_C_LANGUAGE_STANDARD = gnu11;
				GCC_NO_COMMON_BLOCKS = YES;
				GCC_WARN_64_TO_32_BIT_CONVERSION = YES;
				GCC_WARN_ABOUT_RETURN_TYPE = YES_ERROR;
				GCC_WARN_UNDECLARED_SELECTOR = YES;
				GCC_WARN_UNINITIALIZED_AUTOS = YES_AGGRESSIVE;
				GCC_WARN_UNUSED_FUNCTION = YES;
				GCC_WARN_UNUSED_VARIABLE = YES;
				IPHONEOS_DEPLOYMENT_TARGET = 15.5;
				MTL_ENABLE_DEBUG_INFO = NO;
				MTL_FAST_MATH = YES;
				SDKROOT = iphoneos;
				SWIFT_COMPILATION_MODE = wholemodule;
				SWIFT_OPTIMIZATION_LEVEL = "-O";
				VALIDATE_PRODUCT = YES;
			};
			name = Release;
		};
		53D75FEE2876CDC300BD399D /* Debug */ = {
			isa = XCBuildConfiguration;
			baseConfigurationReference = 259E066D589684CD7CB58EC6 /* Pods-RoamExamp.debug.xcconfig */;
			buildSettings = {
				ASSETCATALOG_COMPILER_APPICON_NAME = AppIcon;
				ASSETCATALOG_COMPILER_GLOBAL_ACCENT_COLOR_NAME = AccentColor;
				CODE_SIGN_ENTITLEMENTS = RoamExamp/RoamExamp.entitlements;
				CODE_SIGN_STYLE = Automatic;
				CURRENT_PROJECT_VERSION = 1;
				DEVELOPMENT_TEAM = 7LCSPM3A63;
				GENERATE_INFOPLIST_FILE = YES;
				INFOPLIST_FILE = RoamExamp/Info.plist;
				INFOPLIST_KEY_NSLocationAlwaysAndWhenInUseUsageDescription = Location;
				INFOPLIST_KEY_NSLocationAlwaysUsageDescription = Location;
				INFOPLIST_KEY_NSLocationUsageDescription = Location;
				INFOPLIST_KEY_NSLocationWhenInUseUsageDescription = Location;
				INFOPLIST_KEY_UIApplicationSupportsIndirectInputEvents = YES;
				INFOPLIST_KEY_UILaunchStoryboardName = LaunchScreen;
				INFOPLIST_KEY_UIMainStoryboardFile = Main;
				INFOPLIST_KEY_UISupportedInterfaceOrientations_iPad = "UIInterfaceOrientationPortrait UIInterfaceOrientationPortraitUpsideDown UIInterfaceOrientationLandscapeLeft UIInterfaceOrientationLandscapeRight";
				INFOPLIST_KEY_UISupportedInterfaceOrientations_iPhone = "UIInterfaceOrientationPortrait UIInterfaceOrientationLandscapeLeft UIInterfaceOrientationLandscapeRight";
				IPHONEOS_DEPLOYMENT_TARGET = 14.5;
				LD_RUNPATH_SEARCH_PATHS = (
					"$(inherited)",
					"@executable_path/Frameworks",
				);
				MARKETING_VERSION = 1.0;
				PRODUCT_BUNDLE_IDENTIFIER = com.roam.example1;
				PRODUCT_NAME = "$(TARGET_NAME)";
				SWIFT_EMIT_LOC_STRINGS = YES;
				SWIFT_VERSION = 5.0;
				TARGETED_DEVICE_FAMILY = 1;
			};
			name = Debug;
		};
		53D75FEF2876CDC300BD399D /* Release */ = {
			isa = XCBuildConfiguration;
			baseConfigurationReference = 478E08D69701D0C34AF2F66B /* Pods-RoamExamp.release.xcconfig */;
			buildSettings = {
				ASSETCATALOG_COMPILER_APPICON_NAME = AppIcon;
				ASSETCATALOG_COMPILER_GLOBAL_ACCENT_COLOR_NAME = AccentColor;
				CODE_SIGN_ENTITLEMENTS = RoamExamp/RoamExamp.entitlements;
				CODE_SIGN_STYLE = Automatic;
				CURRENT_PROJECT_VERSION = 1;
				DEVELOPMENT_TEAM = 7LCSPM3A63;
				GENERATE_INFOPLIST_FILE = YES;
				INFOPLIST_FILE = RoamExamp/Info.plist;
				INFOPLIST_KEY_NSLocationAlwaysAndWhenInUseUsageDescription = Location;
				INFOPLIST_KEY_NSLocationAlwaysUsageDescription = Location;
				INFOPLIST_KEY_NSLocationUsageDescription = Location;
				INFOPLIST_KEY_NSLocationWhenInUseUsageDescription = Location;
				INFOPLIST_KEY_UIApplicationSupportsIndirectInputEvents = YES;
				INFOPLIST_KEY_UILaunchStoryboardName = LaunchScreen;
				INFOPLIST_KEY_UIMainStoryboardFile = Main;
				INFOPLIST_KEY_UISupportedInterfaceOrientations_iPad = "UIInterfaceOrientationPortrait UIInterfaceOrientationPortraitUpsideDown UIInterfaceOrientationLandscapeLeft UIInterfaceOrientationLandscapeRight";
				INFOPLIST_KEY_UISupportedInterfaceOrientations_iPhone = "UIInterfaceOrientationPortrait UIInterfaceOrientationLandscapeLeft UIInterfaceOrientationLandscapeRight";
				IPHONEOS_DEPLOYMENT_TARGET = 14.5;
				LD_RUNPATH_SEARCH_PATHS = (
					"$(inherited)",
					"@executable_path/Frameworks",
				);
				MARKETING_VERSION = 1.0;
				PRODUCT_BUNDLE_IDENTIFIER = com.roam.example1;
				PRODUCT_NAME = "$(TARGET_NAME)";
				SWIFT_EMIT_LOC_STRINGS = YES;
				SWIFT_VERSION = 5.0;
				TARGETED_DEVICE_FAMILY = 1;
			};
			name = Release;
		};
/* End XCBuildConfiguration section */

/* Begin XCConfigurationList section */
		53D75FD42876CDC100BD399D /* Build configuration list for PBXProject "RoamExamp" */ = {
			isa = XCConfigurationList;
			buildConfigurations = (
				53D75FEB2876CDC300BD399D /* Debug */,
				53D75FEC2876CDC300BD399D /* Release */,
			);
			defaultConfigurationIsVisible = 0;
			defaultConfigurationName = Release;
		};
		53D75FED2876CDC300BD399D /* Build configuration list for PBXNativeTarget "RoamExamp" */ = {
			isa = XCConfigurationList;
			buildConfigurations = (
				53D75FEE2876CDC300BD399D /* Debug */,
				53D75FEF2876CDC300BD399D /* Release */,
			);
			defaultConfigurationIsVisible = 0;
			defaultConfigurationName = Release;
		};
/* End XCConfigurationList section */
	};
	rootObject = 53D75FD12876CDC100BD399D /* Project object */;
}
